github.com/lopes-leandro/learn-go v0.0.0-20210102191425-a67f265e6690 h1:DhZ/OajwBj7Kch1lnSCEXd5YUlmiiPJNfsTz0GkVFn4=
github.com/lopes-leandro/learn-go/chapter08/controllers v0.0.0-20210102191425-a67f265e6690 h1:/O/SHelQmoSdZx7j7P40RimAdr4PkJein3AOunGpL9s=
github.com/lopes-leandro/learn-go/chapter08/controllers v0.0.0-20210102191425-a67f265e6690/go.mod h1:NO3WQr4+UybSxIvE09W6FWsD7JirX56bzKlNVBExoeo=
